
Microsoft Visual Studio Solution File, Format Version 12.00
Project("{FAE04EC0-301F-11D3-BF4B-00C04F79EFBC}") = "mirtekgroup.com.test", "mirtekgroup.com.test\mirtekgroup.com.test.csproj", "{9AB1EAAE-8916-45BF-9096-7262B97C43AF}"
EndProject
Project("{FAE04EC0-301F-11D3-BF4B-00C04F79EFBC}") = "RssParse", "src\Services\RssParse\RssParse.csproj", "{456DC7BD-2B86-4455-A3DD-C9E3EFA4B66D}"
EndProject
Project("{FAE04EC0-301F-11D3-BF4B-00C04F79EFBC}") = "TestProject", "src\tests\TestProject\TestProject.csproj", "{21719BD4-37AB-4F8E-B36E-D847E45109A5}"
EndProject
Project("{FAE04EC0-301F-11D3-BF4B-00C04F79EFBC}") = "Entity", "src\Core\Entity\Entity.csproj", "{D31467A5-6AFD-492A-9734-30E665D2BAC6}"
EndProject
Project("{FAE04EC0-301F-11D3-BF4B-00C04F79EFBC}") = "DataAccess", "src\DataBase\DataAccess\DataAccess.csproj", "{61F321DE-07A2-4C24-966D-C69AAB85FF92}"
EndProject
Project("{FAE04EC0-301F-11D3-BF4B-00C04F79EFBC}") = "WebApp", "WebApp\WebApp.csproj", "{D5855FD5-9DD1-4E75-9307-5EFFDE75F7EA}"
EndProject
Global
	GlobalSection(SolutionConfigurationPlatforms) = preSolution
		Debug|Any CPU = Debug|Any CPU
		Release|Any CPU = Release|Any CPU
	EndGlobalSection
	GlobalSection(ProjectConfigurationPlatforms) = postSolution
		{9AB1EAAE-8916-45BF-9096-7262B97C43AF}.Debug|Any CPU.ActiveCfg = Debug|Any CPU
		{9AB1EAAE-8916-45BF-9096-7262B97C43AF}.Debug|Any CPU.Build.0 = Debug|Any CPU
		{9AB1EAAE-8916-45BF-9096-7262B97C43AF}.Release|Any CPU.ActiveCfg = Release|Any CPU
		{9AB1EAAE-8916-45BF-9096-7262B97C43AF}.Release|Any CPU.Build.0 = Release|Any CPU
		{456DC7BD-2B86-4455-A3DD-C9E3EFA4B66D}.Debug|Any CPU.ActiveCfg = Debug|Any CPU
		{456DC7BD-2B86-4455-A3DD-C9E3EFA4B66D}.Debug|Any CPU.Build.0 = Debug|Any CPU
		{456DC7BD-2B86-4455-A3DD-C9E3EFA4B66D}.Release|Any CPU.ActiveCfg = Release|Any CPU
		{456DC7BD-2B86-4455-A3DD-C9E3EFA4B66D}.Release|Any CPU.Build.0 = Release|Any CPU
		{21719BD4-37AB-4F8E-B36E-D847E45109A5}.Debug|Any CPU.ActiveCfg = Debug|Any CPU
		{21719BD4-37AB-4F8E-B36E-D847E45109A5}.Debug|Any CPU.Build.0 = Debug|Any CPU
		{21719BD4-37AB-4F8E-B36E-D847E45109A5}.Release|Any CPU.ActiveCfg = Release|Any CPU
		{21719BD4-37AB-4F8E-B36E-D847E45109A5}.Release|Any CPU.Build.0 = Release|Any CPU
		{D31467A5-6AFD-492A-9734-30E665D2BAC6}.Debug|Any CPU.ActiveCfg = Debug|Any CPU
		{D31467A5-6AFD-492A-9734-30E665D2BAC6}.Debug|Any CPU.Build.0 = Debug|Any CPU
		{D31467A5-6AFD-492A-9734-30E665D2BAC6}.Release|Any CPU.ActiveCfg = Release|Any CPU
		{D31467A5-6AFD-492A-9734-30E665D2BAC6}.Release|Any CPU.Build.0 = Release|Any CPU
		{61F321DE-07A2-4C24-966D-C69AAB85FF92}.Debug|Any CPU.ActiveCfg = Debug|Any CPU
		{61F321DE-07A2-4C24-966D-C69AAB85FF92}.Debug|Any CPU.Build.0 = Debug|Any CPU
		{61F321DE-07A2-4C24-966D-C69AAB85FF92}.Release|Any CPU.ActiveCfg = Release|Any CPU
		{61F321DE-07A2-4C24-966D-C69AAB85FF92}.Release|Any CPU.Build.0 = Release|Any CPU
		{D5855FD5-9DD1-4E75-9307-5EFFDE75F7EA}.Debug|Any CPU.ActiveCfg = Debug|Any CPU
		{D5855FD5-9DD1-4E75-9307-5EFFDE75F7EA}.Debug|Any CPU.Build.0 = Debug|Any CPU
		{D5855FD5-9DD1-4E75-9307-5EFFDE75F7EA}.Release|Any CPU.ActiveCfg = Release|Any CPU
		{D5855FD5-9DD1-4E75-9307-5EFFDE75F7EA}.Release|Any CPU.Build.0 = Release|Any CPU
	EndGlobalSection
EndGlobal
